
Microsoft Visual Studio Solution File, Format Version 12.00
# Visual Studio Version 17
VisualStudioVersion = 17.8.34322.80
MinimumVisualStudioVersion = 10.0.40219.1
Project("{2150E333-8FDC-42A3-9474-1A3956D46DE8}") = "src", "src", "{93FD1DD3-A09C-43DE-B31A-98E0B4A8D90D}"
EndProject
Project("{FAE04EC0-301F-11D3-BF4B-00C04F79EFBC}") = "POwusu.Server", "src\POwusu.Server\POwusu.Server.csproj", "{23A1E71B-5A01-44AF-A4E0-983E2951D01D}"
EndProject
Global
	GlobalSection(SolutionConfigurationPlatforms) = preSolution
		Debug|Any CPU = Debug|Any CPU
		Release|Any CPU = Release|Any CPU
	EndGlobalSection
	GlobalSection(ProjectConfigurationPlatforms) = postSolution
		{23A1E71B-5A01-44AF-A4E0-983E2951D01D}.Debug|Any CPU.ActiveCfg = Debug|Any CPU
		{23A1E71B-5A01-44AF-A4E0-983E2951D01D}.Debug|Any CPU.Build.0 = Debug|Any CPU
		{23A1E71B-5A01-44AF-A4E0-983E2951D01D}.Release|Any CPU.ActiveCfg = Release|Any CPU
		{23A1E71B-5A01-44AF-A4E0-983E2951D01D}.Release|Any CPU.Build.0 = Release|Any CPU
	EndGlobalSection
	GlobalSection(SolutionProperties) = preSolution
		HideSolutionNode = FALSE
	EndGlobalSection
	GlobalSection(NestedProjects) = preSolution
		{23A1E71B-5A01-44AF-A4E0-983E2951D01D} = {93FD1DD3-A09C-43DE-B31A-98E0B4A8D90D}
	EndGlobalSection
	GlobalSection(ExtensibilityGlobals) = postSolution
		SolutionGuid = {C3F9D162-2A80-44AE-AE20-BB85E17E34A2}
	EndGlobalSection
EndGlobal
